
Microsoft Visual Studio Solution File, Format Version 12.00
# Visual Studio Version 17
VisualStudioVersion = 17.3.32922.545
MinimumVisualStudioVersion = 10.0.40219.1
Project("{FAE04EC0-301F-11D3-BF4B-00C04F79EFBC}") = "Практика 6 - задача 1", "Практика 6 - задача 1.csproj", "{9B80B220-B66B-4E6C-88DE-A135792DAB99}"
EndProject
Global
	GlobalSection(SolutionConfigurationPlatforms) = preSolution
		Debug|Any CPU = Debug|Any CPU
		Release|Any CPU = Release|Any CPU
	EndGlobalSection
	GlobalSection(ProjectConfigurationPlatforms) = postSolution
		{9B80B220-B66B-4E6C-88DE-A135792DAB99}.Debug|Any CPU.ActiveCfg = Debug|Any CPU
		{9B80B220-B66B-4E6C-88DE-A135792DAB99}.Debug|Any CPU.Build.0 = Debug|Any CPU
		{9B80B220-B66B-4E6C-88DE-A135792DAB99}.Release|Any CPU.ActiveCfg = Release|Any CPU
		{9B80B220-B66B-4E6C-88DE-A135792DAB99}.Release|Any CPU.Build.0 = Release|Any CPU
	EndGlobalSection
	GlobalSection(SolutionProperties) = preSolution
		HideSolutionNode = FALSE
	EndGlobalSection
	GlobalSection(ExtensibilityGlobals) = postSolution
		SolutionGuid = {1A91F083-F165-481D-81AA-1B863FC27A65}
	EndGlobalSection
EndGlobal
